
Microsoft Visual Studio Solution File, Format Version 12.00
# Visual Studio Version 17
VisualStudioVersion = 17.9.34622.214
MinimumVisualStudioVersion = 10.0.40219.1
Project("{FAE04EC0-301F-11D3-BF4B-00C04F79EFBC}") = "ConsoleApp1", "ConsoleApp1\ConsoleApp1.csproj", "{E2402C1E-0A43-4FD4-AE91-D7D0BEAADB44}"
EndProject
Global
	GlobalSection(SolutionConfigurationPlatforms) = preSolution
		Debug|Any CPU = Debug|Any CPU
		Release|Any CPU = Release|Any CPU
	EndGlobalSection
	GlobalSection(ProjectConfigurationPlatforms) = postSolution
		{E2402C1E-0A43-4FD4-AE91-D7D0BEAADB44}.Debug|Any CPU.ActiveCfg = Debug|Any CPU
		{E2402C1E-0A43-4FD4-AE91-D7D0BEAADB44}.Debug|Any CPU.Build.0 = Debug|Any CPU
		{E2402C1E-0A43-4FD4-AE91-D7D0BEAADB44}.Release|Any CPU.ActiveCfg = Release|Any CPU
		{E2402C1E-0A43-4FD4-AE91-D7D0BEAADB44}.Release|Any CPU.Build.0 = Release|Any CPU
	EndGlobalSection
	GlobalSection(SolutionProperties) = preSolution
		HideSolutionNode = FALSE
	EndGlobalSection
	GlobalSection(ExtensibilityGlobals) = postSolution
		SolutionGuid = {4538B69F-2DBA-465F-8D57-A1BA31E04C54}
	EndGlobalSection
EndGlobal
